
Microsoft Visual Studio Solution File, Format Version 12.00
# Visual Studio 15
VisualStudioVersion = 15.0.28307.1259
MinimumVisualStudioVersion = 10.0.40219.1
Project("{159641D6-6404-4A2A-AE62-294DE0FE8301}") = "Laboratorio2", "Laboratorio2\Laboratorio2.dtproj", "{B95FB110-2C4C-4399-AA9D-AEC8C52CED22}"
EndProject
Global
	GlobalSection(SolutionConfigurationPlatforms) = preSolution
		Development|Default = Development|Default
	EndGlobalSection
	GlobalSection(ProjectConfigurationPlatforms) = postSolution
		{B95FB110-2C4C-4399-AA9D-AEC8C52CED22}.Development|Default.ActiveCfg = Development
		{B95FB110-2C4C-4399-AA9D-AEC8C52CED22}.Development|Default.Build.0 = Development
	EndGlobalSection
	GlobalSection(SolutionProperties) = preSolution
		HideSolutionNode = FALSE
	EndGlobalSection
	GlobalSection(ExtensibilityGlobals) = postSolution
		SolutionGuid = {D3542721-92EA-4EF4-A352-C439B6014E09}
	EndGlobalSection
EndGlobal
